// !$*UTF8*$!
{
	archiveVersion = 1;
	classes = {
	};
	objectVersion = 46;
	objects = {

/* Begin PBXBuildFile section */
		8DCF7180043DDF4E30F7F044 /* Pods_RatingMeTests.framework in Frameworks */ = {isa = PBXBuildFile; fileRef = 8C9C91F431183E329A681F36 /* Pods_RatingMeTests.framework */; };
		93012E7A1C7B1D0700063D65 /* LeftMenuButton.swift in Sources */ = {isa = PBXBuildFile; fileRef = 93012E791C7B1D0700063D65 /* LeftMenuButton.swift */; };
		933A63471C5FB4BB0099C501 /* RatingsController.swift in Sources */ = {isa = PBXBuildFile; fileRef = 933A63461C5FB4BB0099C501 /* RatingsController.swift */; };
		934148101B84CD0B00F768BD /* ShowReviewViewController.swift in Sources */ = {isa = PBXBuildFile; fileRef = 9341480F1B84CD0B00F768BD /* ShowReviewViewController.swift */; };
		934157A01C7DAD72001DAD6C /* MailCanvasStyleKit.swift in Sources */ = {isa = PBXBuildFile; fileRef = 9341579F1C7DAD72001DAD6C /* MailCanvasStyleKit.swift */; };
		934157A21C7DAE07001DAD6C /* NewMailView.swift in Sources */ = {isa = PBXBuildFile; fileRef = 934157A11C7DAE07001DAD6C /* NewMailView.swift */; };
		934BE18C1BF4B0F0007225D8 /* CircularLoaderView.swift in Sources */ = {isa = PBXBuildFile; fileRef = 934BE18B1BF4B0F0007225D8 /* CircularLoaderView.swift */; };
		934BE18E1BF4B2B5007225D8 /* CustomImageView.swift in Sources */ = {isa = PBXBuildFile; fileRef = 934BE18D1BF4B2B5007225D8 /* CustomImageView.swift */; };
		935D55B31C47E15200ADC2F9 /* EULAViewController.swift in Sources */ = {isa = PBXBuildFile; fileRef = 935D55B21C47E15200ADC2F9 /* EULAViewController.swift */; };
		9368A8FA1C3ABA1F0016481E /* Lobster 1.4.otf in Resources */ = {isa = PBXBuildFile; fileRef = 9368A8F91C3ABA1F0016481E /* Lobster 1.4.otf */; };
		9368A8FC1C3ABD9C0016481E /* Splash.tiff in Resources */ = {isa = PBXBuildFile; fileRef = 9368A8FB1C3ABD9C0016481E /* Splash.tiff */; };
		936AE70B1C709E7800039BAD /* Message.swift in Sources */ = {isa = PBXBuildFile; fileRef = 936AE70A1C709E7800039BAD /* Message.swift */; };
		936AE70D1C709FA900039BAD /* ReadMessageController.swift in Sources */ = {isa = PBXBuildFile; fileRef = 936AE70C1C709FA900039BAD /* ReadMessageController.swift */; };
		936AE70F1C70A52200039BAD /* MessagesViewController.swift in Sources */ = {isa = PBXBuildFile; fileRef = 936AE70E1C70A52200039BAD /* MessagesViewController.swift */; };
		936AE7111C70A57700039BAD /* MessageTableViewCell.swift in Sources */ = {isa = PBXBuildFile; fileRef = 936AE7101C70A57700039BAD /* MessageTableViewCell.swift */; };
		9370F25C1BEDFA2B003470DC /* LoginWithUIDViewViewController.swift in Sources */ = {isa = PBXBuildFile; fileRef = 9370F25B1BEDFA2B003470DC /* LoginWithUIDViewViewController.swift */; };
		9371D1901C6DDDC6007C5396 /* RemoteNotificationController.swift in Sources */ = {isa = PBXBuildFile; fileRef = 9371D18F1C6DDDC6007C5396 /* RemoteNotificationController.swift */; };
		937857301BF0AC04003BE6A7 /* SignInViewController.swift in Sources */ = {isa = PBXBuildFile; fileRef = 9378572F1BF0AC04003BE6A7 /* SignInViewController.swift */; };
		93790BE71C819DEB004989C7 /* Category.swift in Sources */ = {isa = PBXBuildFile; fileRef = 93790BE61C819DEB004989C7 /* Category.swift */; };
		93790BE91C819ECB004989C7 /* CategoriesController.swift in Sources */ = {isa = PBXBuildFile; fileRef = 93790BE81C819ECB004989C7 /* CategoriesController.swift */; };
		937B92831C5FAFBE0014530E /* Review.swift in Sources */ = {isa = PBXBuildFile; fileRef = 937B92821C5FAFBE0014530E /* Review.swift */; };
		937B92851C5FAFC90014530E /* Rating.swift in Sources */ = {isa = PBXBuildFile; fileRef = 937B92841C5FAFC90014530E /* Rating.swift */; };
		937B92871C5FB0440014530E /* ReviewsController.swift in Sources */ = {isa = PBXBuildFile; fileRef = 937B92861C5FB0440014530E /* ReviewsController.swift */; };
		937FCCC21B4577CF00DC141C /* StarRating.swift in Sources */ = {isa = PBXBuildFile; fileRef = 937FCCC11B4577CF00DC141C /* StarRating.swift */; };
		938EC0FC1BDA778700177356 /* User.swift in Sources */ = {isa = PBXBuildFile; fileRef = 938EC0FB1BDA778700177356 /* User.swift */; };
		9395C8A71C859D7500BFA851 /* NewMessageViewController.swift in Sources */ = {isa = PBXBuildFile; fileRef = 9395C8A61C859D7500BFA851 /* NewMessageViewController.swift */; };
		9395C8A91C85A07800BFA851 /* NewMessageController.swift in Sources */ = {isa = PBXBuildFile; fileRef = 9395C8A81C85A07800BFA851 /* NewMessageController.swift */; };
		939A6C021C75E2CD0096B48B /* SingleMessageViewController.swift in Sources */ = {isa = PBXBuildFile; fileRef = 939A6C011C75E2CD0096B48B /* SingleMessageViewController.swift */; };
		93AB02161B45305900358705 /* NewRateViewController.swift in Sources */ = {isa = PBXBuildFile; fileRef = 93AB02151B45305900358705 /* NewRateViewController.swift */; };
		93B1C6BB1B628F7D002044A3 /* RateCustomCell.swift in Sources */ = {isa = PBXBuildFile; fileRef = 93B1C6BA1B628F7D002044A3 /* RateCustomCell.swift */; };
		93D95BEB1B442B73002D5C53 /* NewReviewViewController.swift in Sources */ = {isa = PBXBuildFile; fileRef = 93D95BEA1B442B73002D5C53 /* NewReviewViewController.swift */; };
		93E06C331B85C7BD00DAEA51 /* UserController.swift in Sources */ = {isa = PBXBuildFile; fileRef = 93E06C321B85C7BD00DAEA51 /* UserController.swift */; };
		93E06C351B85DD8300DAEA51 /* LoginViewController.swift in Sources */ = {isa = PBXBuildFile; fileRef = 93E06C341B85DD8300DAEA51 /* LoginViewController.swift */; };
		93F5F8F91BC2B01700582D58 /* LeftMenuViewController.swift in Sources */ = {isa = PBXBuildFile; fileRef = 93F5F8F81BC2B01700582D58 /* LeftMenuViewController.swift */; };
		93FC5BE51B3C4CB00010A94D /* AppDelegate.swift in Sources */ = {isa = PBXBuildFile; fileRef = 93FC5BE41B3C4CB00010A94D /* AppDelegate.swift */; };
		93FC5BE71B3C4CB00010A94D /* MainViewController.swift in Sources */ = {isa = PBXBuildFile; fileRef = 93FC5BE61B3C4CB00010A94D /* MainViewController.swift */; };
		93FC5BEA1B3C4CB00010A94D /* Main.storyboard in Resources */ = {isa = PBXBuildFile; fileRef = 93FC5BE81B3C4CB00010A94D /* Main.storyboard */; };
		93FC5BEC1B3C4CB00010A94D /* Images.xcassets in Resources */ = {isa = PBXBuildFile; fileRef = 93FC5BEB1B3C4CB00010A94D /* Images.xcassets */; };
		93FC5BEF1B3C4CB00010A94D /* LaunchScreen.xib in Resources */ = {isa = PBXBuildFile; fileRef = 93FC5BED1B3C4CB00010A94D /* LaunchScreen.xib */; };
		93FC5BFB1B3C4CB00010A94D /* RatingMeTests.swift in Sources */ = {isa = PBXBuildFile; fileRef = 93FC5BFA1B3C4CB00010A94D /* RatingMeTests.swift */; };
		93FC5C051B3C4CC80010A94D /* JSonHelper.swift in Sources */ = {isa = PBXBuildFile; fileRef = 93FC5C041B3C4CC80010A94D /* JSonHelper.swift */; };
		93FC5C081B3C4CD70010A94D /* PinAnnotation.swift in Sources */ = {isa = PBXBuildFile; fileRef = 93FC5C061B3C4CD70010A94D /* PinAnnotation.swift */; };
		93FC5C091B3C4CD70010A94D /* PinAnnotationView.swift in Sources */ = {isa = PBXBuildFile; fileRef = 93FC5C071B3C4CD70010A94D /* PinAnnotationView.swift */; };
		CBBD1F024D55E95DF96A59A9 /* Pods_RatingMe.framework in Frameworks */ = {isa = PBXBuildFile; fileRef = 67D75297A0BE8FC8B24A34CC /* Pods_RatingMe.framework */; };
/* End PBXBuildFile section */

/* Begin PBXContainerItemProxy section */
		93FC5BF51B3C4CB00010A94D /* PBXContainerItemProxy */ = {
			isa = PBXContainerItemProxy;
			containerPortal = 93FC5BD71B3C4CB00010A94D /* Project object */;
			proxyType = 1;
			remoteGlobalIDString = 93FC5BDE1B3C4CB00010A94D;
			remoteInfo = RatingMe;
		};
/* End PBXContainerItemProxy section */

/* Begin PBXFileReference section */
		2725707920D8DA8ECBF79F07 /* Pods-RatingMe.debug.xcconfig */ = {isa = PBXFileReference; includeInIndex = 1; lastKnownFileType = text.xcconfig; name = "Pods-RatingMe.debug.xcconfig"; path = "Pods/Target Support Files/Pods-RatingMe/Pods-RatingMe.debug.xcconfig"; sourceTree = "<group>"; };
		67D75297A0BE8FC8B24A34CC /* Pods_RatingMe.framework */ = {isa = PBXFileReference; explicitFileType = wrapper.framework; includeInIndex = 0; path = Pods_RatingMe.framework; sourceTree = BUILT_PRODUCTS_DIR; };
		7004F4A7E9A3DD091C7EB313 /* Pods-RatingMeTests.release.xcconfig */ = {isa = PBXFileReference; includeInIndex = 1; lastKnownFileType = text.xcconfig; name = "Pods-RatingMeTests.release.xcconfig"; path = "Pods/Target Support Files/Pods-RatingMeTests/Pods-RatingMeTests.release.xcconfig"; sourceTree = "<group>"; };
		8664774FB69ED5CA2AD75655 /* Pods-RatingMeTests.debug.xcconfig */ = {isa = PBXFileReference; includeInIndex = 1; lastKnownFileType = text.xcconfig; name = "Pods-RatingMeTests.debug.xcconfig"; path = "Pods/Target Support Files/Pods-RatingMeTests/Pods-RatingMeTests.debug.xcconfig"; sourceTree = "<group>"; };
		8C9C91F431183E329A681F36 /* Pods_RatingMeTests.framework */ = {isa = PBXFileReference; explicitFileType = wrapper.framework; includeInIndex = 0; path = Pods_RatingMeTests.framework; sourceTree = BUILT_PRODUCTS_DIR; };
		93012E791C7B1D0700063D65 /* LeftMenuButton.swift */ = {isa = PBXFileReference; fileEncoding = 4; lastKnownFileType = sourcecode.swift; path = LeftMenuButton.swift; sourceTree = "<group>"; };
		933A63461C5FB4BB0099C501 /* RatingsController.swift */ = {isa = PBXFileReference; fileEncoding = 4; lastKnownFileType = sourcecode.swift; path = RatingsController.swift; sourceTree = "<group>"; };
		9341480F1B84CD0B00F768BD /* ShowReviewViewController.swift */ = {isa = PBXFileReference; fileEncoding = 4; lastKnownFileType = sourcecode.swift; path = ShowReviewViewController.swift; sourceTree = "<group>"; };
		9341579F1C7DAD72001DAD6C /* MailCanvasStyleKit.swift */ = {isa = PBXFileReference; fileEncoding = 4; lastKnownFileType = sourcecode.swift; path = MailCanvasStyleKit.swift; sourceTree = "<group>"; };
		934157A11C7DAE07001DAD6C /* NewMailView.swift */ = {isa = PBXFileReference; fileEncoding = 4; lastKnownFileType = sourcecode.swift; path = NewMailView.swift; sourceTree = "<group>"; };
		934BE18B1BF4B0F0007225D8 /* CircularLoaderView.swift */ = {isa = PBXFileReference; fileEncoding = 4; lastKnownFileType = sourcecode.swift; path = CircularLoaderView.swift; sourceTree = "<group>"; };
		934BE18D1BF4B2B5007225D8 /* CustomImageView.swift */ = {isa = PBXFileReference; fileEncoding = 4; lastKnownFileType = sourcecode.swift; path = CustomImageView.swift; sourceTree = "<group>"; };
		935D55B21C47E15200ADC2F9 /* EULAViewController.swift */ = {isa = PBXFileReference; fileEncoding = 4; lastKnownFileType = sourcecode.swift; path = EULAViewController.swift; sourceTree = "<group>"; };
		9368A8F91C3ABA1F0016481E /* Lobster 1.4.otf */ = {isa = PBXFileReference; lastKnownFileType = file; path = "Lobster 1.4.otf"; sourceTree = "<group>"; };
		9368A8FB1C3ABD9C0016481E /* Splash.tiff */ = {isa = PBXFileReference; lastKnownFileType = image.tiff; path = Splash.tiff; sourceTree = "<group>"; };
		936AE70A1C709E7800039BAD /* Message.swift */ = {isa = PBXFileReference; fileEncoding = 4; lastKnownFileType = sourcecode.swift; path = Message.swift; sourceTree = "<group>"; };
		936AE70C1C709FA900039BAD /* ReadMessageController.swift */ = {isa = PBXFileReference; fileEncoding = 4; lastKnownFileType = sourcecode.swift; path = ReadMessageController.swift; sourceTree = "<group>"; };
		936AE70E1C70A52200039BAD /* MessagesViewController.swift */ = {isa = PBXFileReference; fileEncoding = 4; lastKnownFileType = sourcecode.swift; path = MessagesViewController.swift; sourceTree = "<group>"; };
		936AE7101C70A57700039BAD /* MessageTableViewCell.swift */ = {isa = PBXFileReference; fileEncoding = 4; lastKnownFileType = sourcecode.swift; path = MessageTableViewCell.swift; sourceTree = "<group>"; };
		9370F25B1BEDFA2B003470DC /* LoginWithUIDViewViewController.swift */ = {isa = PBXFileReference; fileEncoding = 4; lastKnownFileType = sourcecode.swift; path = LoginWithUIDViewViewController.swift; sourceTree = "<group>"; };
		9371D18F1C6DDDC6007C5396 /* RemoteNotificationController.swift */ = {isa = PBXFileReference; fileEncoding = 4; lastKnownFileType = sourcecode.swift; path = RemoteNotificationController.swift; sourceTree = "<group>"; };
		9378572F1BF0AC04003BE6A7 /* SignInViewController.swift */ = {isa = PBXFileReference; fileEncoding = 4; lastKnownFileType = sourcecode.swift; path = SignInViewController.swift; sourceTree = "<group>"; };
		93790BE61C819DEB004989C7 /* Category.swift */ = {isa = PBXFileReference; fileEncoding = 4; lastKnownFileType = sourcecode.swift; path = Category.swift; sourceTree = "<group>"; };
		93790BE81C819ECB004989C7 /* CategoriesController.swift */ = {isa = PBXFileReference; fileEncoding = 4; lastKnownFileType = sourcecode.swift; path = CategoriesController.swift; sourceTree = "<group>"; };
		937B92821C5FAFBE0014530E /* Review.swift */ = {isa = PBXFileReference; fileEncoding = 4; lastKnownFileType = sourcecode.swift; path = Review.swift; sourceTree = "<group>"; };
		937B92841C5FAFC90014530E /* Rating.swift */ = {isa = PBXFileReference; fileEncoding = 4; lastKnownFileType = sourcecode.swift; path = Rating.swift; sourceTree = "<group>"; };
		937B92861C5FB0440014530E /* ReviewsController.swift */ = {isa = PBXFileReference; fileEncoding = 4; lastKnownFileType = sourcecode.swift; path = ReviewsController.swift; sourceTree = "<group>"; };
		937FCCC11B4577CF00DC141C /* StarRating.swift */ = {isa = PBXFileReference; fileEncoding = 4; lastKnownFileType = sourcecode.swift; path = StarRating.swift; sourceTree = "<group>"; };
		938EC0FB1BDA778700177356 /* User.swift */ = {isa = PBXFileReference; fileEncoding = 4; lastKnownFileType = sourcecode.swift; path = User.swift; sourceTree = "<group>"; };
		9395C8A61C859D7500BFA851 /* NewMessageViewController.swift */ = {isa = PBXFileReference; fileEncoding = 4; lastKnownFileType = sourcecode.swift; path = NewMessageViewController.swift; sourceTree = "<group>"; };
		9395C8A81C85A07800BFA851 /* NewMessageController.swift */ = {isa = PBXFileReference; fileEncoding = 4; lastKnownFileType = sourcecode.swift; path = NewMessageController.swift; sourceTree = "<group>"; };
		939A6C011C75E2CD0096B48B /* SingleMessageViewController.swift */ = {isa = PBXFileReference; fileEncoding = 4; lastKnownFileType = sourcecode.swift; path = SingleMessageViewController.swift; sourceTree = "<group>"; };
		93AB02151B45305900358705 /* NewRateViewController.swift */ = {isa = PBXFileReference; fileEncoding = 4; lastKnownFileType = sourcecode.swift; path = NewRateViewController.swift; sourceTree = "<group>"; };
		93B1C6BA1B628F7D002044A3 /* RateCustomCell.swift */ = {isa = PBXFileReference; fileEncoding = 4; lastKnownFileType = sourcecode.swift; path = RateCustomCell.swift; sourceTree = "<group>"; };
		93D95BEA1B442B73002D5C53 /* NewReviewViewController.swift */ = {isa = PBXFileReference; fileEncoding = 4; lastKnownFileType = sourcecode.swift; path = NewReviewViewController.swift; sourceTree = "<group>"; };
		93E06C321B85C7BD00DAEA51 /* UserController.swift */ = {isa = PBXFileReference; fileEncoding = 4; lastKnownFileType = sourcecode.swift; path = UserController.swift; sourceTree = "<group>"; };
		93E06C341B85DD8300DAEA51 /* LoginViewController.swift */ = {isa = PBXFileReference; fileEncoding = 4; lastKnownFileType = sourcecode.swift; path = LoginViewController.swift; sourceTree = "<group>"; };
		93F5F8F81BC2B01700582D58 /* LeftMenuViewController.swift */ = {isa = PBXFileReference; fileEncoding = 4; lastKnownFileType = sourcecode.swift; path = LeftMenuViewController.swift; sourceTree = "<group>"; };
		93FC5BDF1B3C4CB00010A94D /* RatingMe.app */ = {isa = PBXFileReference; explicitFileType = wrapper.application; includeInIndex = 0; path = RatingMe.app; sourceTree = BUILT_PRODUCTS_DIR; };
		93FC5BE31B3C4CB00010A94D /* Info.plist */ = {isa = PBXFileReference; lastKnownFileType = text.plist.xml; path = Info.plist; sourceTree = "<group>"; };
		93FC5BE41B3C4CB00010A94D /* AppDelegate.swift */ = {isa = PBXFileReference; lastKnownFileType = sourcecode.swift; path = AppDelegate.swift; sourceTree = "<group>"; };
		93FC5BE61B3C4CB00010A94D /* MainViewController.swift */ = {isa = PBXFileReference; lastKnownFileType = sourcecode.swift; path = MainViewController.swift; sourceTree = "<group>"; };
		93FC5BE91B3C4CB00010A94D /* Base */ = {isa = PBXFileReference; lastKnownFileType = file.storyboard; name = Base; path = Base.lproj/Main.storyboard; sourceTree = "<group>"; };
		93FC5BEB1B3C4CB00010A94D /* Images.xcassets */ = {isa = PBXFileReference; lastKnownFileType = folder.assetcatalog; path = Images.xcassets; sourceTree = "<group>"; };
		93FC5BEE1B3C4CB00010A94D /* Base */ = {isa = PBXFileReference; lastKnownFileType = file.xib; name = Base; path = Base.lproj/LaunchScreen.xib; sourceTree = "<group>"; };
		93FC5BF41B3C4CB00010A94D /* RatingMeTests.xctest */ = {isa = PBXFileReference; explicitFileType = wrapper.cfbundle; includeInIndex = 0; path = RatingMeTests.xctest; sourceTree = BUILT_PRODUCTS_DIR; };
		93FC5BF91B3C4CB00010A94D /* Info.plist */ = {isa = PBXFileReference; lastKnownFileType = text.plist.xml; path = Info.plist; sourceTree = "<group>"; };
		93FC5BFA1B3C4CB00010A94D /* RatingMeTests.swift */ = {isa = PBXFileReference; lastKnownFileType = sourcecode.swift; path = RatingMeTests.swift; sourceTree = "<group>"; };
		93FC5C041B3C4CC80010A94D /* JSonHelper.swift */ = {isa = PBXFileReference; fileEncoding = 4; lastKnownFileType = sourcecode.swift; path = JSonHelper.swift; sourceTree = "<group>"; };
		93FC5C061B3C4CD70010A94D /* PinAnnotation.swift */ = {isa = PBXFileReference; fileEncoding = 4; lastKnownFileType = sourcecode.swift; path = PinAnnotation.swift; sourceTree = "<group>"; };
		93FC5C071B3C4CD70010A94D /* PinAnnotationView.swift */ = {isa = PBXFileReference; fileEncoding = 4; lastKnownFileType = sourcecode.swift; path = PinAnnotationView.swift; sourceTree = "<group>"; };
		D3CFB3FFD7840171B1E7127C /* Pods-RatingMe.release.xcconfig */ = {isa = PBXFileReference; includeInIndex = 1; lastKnownFileType = text.xcconfig; name = "Pods-RatingMe.release.xcconfig"; path = "Pods/Target Support Files/Pods-RatingMe/Pods-RatingMe.release.xcconfig"; sourceTree = "<group>"; };
/* End PBXFileReference section */

/* Begin PBXFrameworksBuildPhase section */
		93FC5BDC1B3C4CB00010A94D /* Frameworks */ = {
			isa = PBXFrameworksBuildPhase;
			buildActionMask = 2147483647;
			files = (
				CBBD1F024D55E95DF96A59A9 /* Pods_RatingMe.framework in Frameworks */,
			);
			runOnlyForDeploymentPostprocessing = 0;
		};
		93FC5BF11B3C4CB00010A94D /* Frameworks */ = {
			isa = PBXFrameworksBuildPhase;
			buildActionMask = 2147483647;
			files = (
				8DCF7180043DDF4E30F7F044 /* Pods_RatingMeTests.framework in Frameworks */,
			);
			runOnlyForDeploymentPostprocessing = 0;
		};
/* End PBXFrameworksBuildPhase section */

/* Begin PBXGroup section */
		251351E9A21446F8DB1BED7B /* Frameworks */ = {
			isa = PBXGroup;
			children = (
				67D75297A0BE8FC8B24A34CC /* Pods_RatingMe.framework */,
				8C9C91F431183E329A681F36 /* Pods_RatingMeTests.framework */,
			);
			name = Frameworks;
			sourceTree = "<group>";
		};
		934BE18A1BF4B0D8007225D8 /* Class */ = {
			isa = PBXGroup;
			children = (
				9341579F1C7DAD72001DAD6C /* MailCanvasStyleKit.swift */,
				93012E791C7B1D0700063D65 /* LeftMenuButton.swift */,
				934BE18B1BF4B0F0007225D8 /* CircularLoaderView.swift */,
				934BE18D1BF4B2B5007225D8 /* CustomImageView.swift */,
				934157A11C7DAE07001DAD6C /* NewMailView.swift */,
			);
			name = Class;
			sourceTree = "<group>";
		};
		9368A8F81C3ABA100016481E /* Fonts */ = {
			isa = PBXGroup;
			children = (
				9368A8F91C3ABA1F0016481E /* Lobster 1.4.otf */,
			);
			name = Fonts;
			sourceTree = "<group>";
		};
		938EC0F81BDA308F00177356 /* Model */ = {
			isa = PBXGroup;
			children = (
				93790BE61C819DEB004989C7 /* Category.swift */,
				93B1C6BA1B628F7D002044A3 /* RateCustomCell.swift */,
				93FC5C061B3C4CD70010A94D /* PinAnnotation.swift */,
				938EC0FB1BDA778700177356 /* User.swift */,
				937B92821C5FAFBE0014530E /* Review.swift */,
				937B92841C5FAFC90014530E /* Rating.swift */,
				936AE70A1C709E7800039BAD /* Message.swift */,
			);
			name = Model;
			sourceTree = "<group>";
		};
		938EC0F91BDA309700177356 /* View */ = {
			isa = PBXGroup;
			children = (
				936AE7101C70A57700039BAD /* MessageTableViewCell.swift */,
				93F5F8F81BC2B01700582D58 /* LeftMenuViewController.swift */,
				93AB02151B45305900358705 /* NewRateViewController.swift */,
				93E06C341B85DD8300DAEA51 /* LoginViewController.swift */,
				93FC5C071B3C4CD70010A94D /* PinAnnotationView.swift */,
				9341480F1B84CD0B00F768BD /* ShowReviewViewController.swift */,
				93D95BEA1B442B73002D5C53 /* NewReviewViewController.swift */,
				93FC5BE61B3C4CB00010A94D /* MainViewController.swift */,
				9370F25B1BEDFA2B003470DC /* LoginWithUIDViewViewController.swift */,
				9378572F1BF0AC04003BE6A7 /* SignInViewController.swift */,
				935D55B21C47E15200ADC2F9 /* EULAViewController.swift */,
				936AE70E1C70A52200039BAD /* MessagesViewController.swift */,
				939A6C011C75E2CD0096B48B /* SingleMessageViewController.swift */,
				9395C8A61C859D7500BFA851 /* NewMessageViewController.swift */,
			);
			name = View;
			sourceTree = "<group>";
		};
		938EC0FA1BDA309C00177356 /* Controller */ = {
			isa = PBXGroup;
			children = (
				937FCCC11B4577CF00DC141C /* StarRating.swift */,
				93FC5BE41B3C4CB00010A94D /* AppDelegate.swift */,
				93E06C321B85C7BD00DAEA51 /* UserController.swift */,
				93FC5C041B3C4CC80010A94D /* JSonHelper.swift */,
				937B92861C5FB0440014530E /* ReviewsController.swift */,
				933A63461C5FB4BB0099C501 /* RatingsController.swift */,
				9371D18F1C6DDDC6007C5396 /* RemoteNotificationController.swift */,
				936AE70C1C709FA900039BAD /* ReadMessageController.swift */,
				93790BE81C819ECB004989C7 /* CategoriesController.swift */,
				9395C8A81C85A07800BFA851 /* NewMessageController.swift */,
			);
			name = Controller;
			sourceTree = "<group>";
		};
		93AB46D81BE0EBE0004E4469 /* Storyboards */ = {
			isa = PBXGroup;
			children = (
				93FC5BED1B3C4CB00010A94D /* LaunchScreen.xib */,
				93FC5BE81B3C4CB00010A94D /* Main.storyboard */,
			);
			name = Storyboards;
			sourceTree = "<group>";
		};
		93FC5BD61B3C4CB00010A94D = {
			isa = PBXGroup;
			children = (
				93FC5BE11B3C4CB00010A94D /* RatingMe */,
				93FC5BF71B3C4CB00010A94D /* RatingMeTests */,
				93FC5BE01B3C4CB00010A94D /* Products */,
				C6947912558BD80C7BFF40F7 /* Pods */,
				251351E9A21446F8DB1BED7B /* Frameworks */,
			);
			sourceTree = "<group>";
		};
		93FC5BE01B3C4CB00010A94D /* Products */ = {
			isa = PBXGroup;
			children = (
				93FC5BDF1B3C4CB00010A94D /* RatingMe.app */,
				93FC5BF41B3C4CB00010A94D /* RatingMeTests.xctest */,
			);
			name = Products;
			sourceTree = "<group>";
		};
		93FC5BE11B3C4CB00010A94D /* RatingMe */ = {
			isa = PBXGroup;
			children = (
				934BE18A1BF4B0D8007225D8 /* Class */,
				93AB46D81BE0EBE0004E4469 /* Storyboards */,
				938EC0FA1BDA309C00177356 /* Controller */,
				938EC0F91BDA309700177356 /* View */,
				938EC0F81BDA308F00177356 /* Model */,
				93FC5BEB1B3C4CB00010A94D /* Images.xcassets */,
				93FC5BE21B3C4CB00010A94D /* Supporting Files */,
			);
			path = RatingMe;
			sourceTree = "<group>";
		};
		93FC5BE21B3C4CB00010A94D /* Supporting Files */ = {
			isa = PBXGroup;
			children = (
				9368A8FB1C3ABD9C0016481E /* Splash.tiff */,
				9368A8F81C3ABA100016481E /* Fonts */,
				93FC5BE31B3C4CB00010A94D /* Info.plist */,
			);
			name = "Supporting Files";
			sourceTree = "<group>";
		};
		93FC5BF71B3C4CB00010A94D /* RatingMeTests */ = {
			isa = PBXGroup;
			children = (
				93FC5BFA1B3C4CB00010A94D /* RatingMeTests.swift */,
				93FC5BF81B3C4CB00010A94D /* Supporting Files */,
			);
			path = RatingMeTests;
			sourceTree = "<group>";
		};
		93FC5BF81B3C4CB00010A94D /* Supporting Files */ = {
			isa = PBXGroup;
			children = (
				93FC5BF91B3C4CB00010A94D /* Info.plist */,
			);
			name = "Supporting Files";
			sourceTree = "<group>";
		};
		C6947912558BD80C7BFF40F7 /* Pods */ = {
			isa = PBXGroup;
			children = (
				2725707920D8DA8ECBF79F07 /* Pods-RatingMe.debug.xcconfig */,
				D3CFB3FFD7840171B1E7127C /* Pods-RatingMe.release.xcconfig */,
				8664774FB69ED5CA2AD75655 /* Pods-RatingMeTests.debug.xcconfig */,
				7004F4A7E9A3DD091C7EB313 /* Pods-RatingMeTests.release.xcconfig */,
			);
			name = Pods;
			sourceTree = "<group>";
		};
/* End PBXGroup section */

/* Begin PBXNativeTarget section */
		93FC5BDE1B3C4CB00010A94D /* RatingMe */ = {
			isa = PBXNativeTarget;
			buildConfigurationList = 93FC5BFE1B3C4CB00010A94D /* Build configuration list for PBXNativeTarget "RatingMe" */;
			buildPhases = (
				93262476915249F55D810929 /* [CP] Check Pods Manifest.lock */,
				93FC5BDB1B3C4CB00010A94D /* Sources */,
				93FC5BDC1B3C4CB00010A94D /* Frameworks */,
				93FC5BDD1B3C4CB00010A94D /* Resources */,
				D3EA15A93DE532A7D9904B76 /* [CP] Embed Pods Frameworks */,
				6DFB43860D36A1196287D077 /* [CP] Copy Pods Resources */,
			);
			buildRules = (
			);
			dependencies = (
			);
			name = RatingMe;
			productName = RatingMe;
			productReference = 93FC5BDF1B3C4CB00010A94D /* RatingMe.app */;
			productType = "com.apple.product-type.application";
		};
		93FC5BF31B3C4CB00010A94D /* RatingMeTests */ = {
			isa = PBXNativeTarget;
			buildConfigurationList = 93FC5C011B3C4CB00010A94D /* Build configuration list for PBXNativeTarget "RatingMeTests" */;
			buildPhases = (
				CF772C8215E84DD60496C892 /* [CP] Check Pods Manifest.lock */,
				93FC5BF01B3C4CB00010A94D /* Sources */,
				93FC5BF11B3C4CB00010A94D /* Frameworks */,
				93FC5BF21B3C4CB00010A94D /* Resources */,
				BFB6FAB8DCC91294759E5A8E /* [CP] Embed Pods Frameworks */,
				FD6CCF5FB4F3A7F2F7E6B201 /* [CP] Copy Pods Resources */,
			);
			buildRules = (
			);
			dependencies = (
				93FC5BF61B3C4CB00010A94D /* PBXTargetDependency */,
			);
			name = RatingMeTests;
			productName = RatingMeTests;
			productReference = 93FC5BF41B3C4CB00010A94D /* RatingMeTests.xctest */;
			productType = "com.apple.product-type.bundle.unit-test";
		};
/* End PBXNativeTarget section */

/* Begin PBXProject section */
		93FC5BD71B3C4CB00010A94D /* Project object */ = {
			isa = PBXProject;
			attributes = {
				LastSwiftMigration = 0700;
				LastSwiftUpdateCheck = 0700;
				LastUpgradeCheck = 0700;
				ORGANIZATIONNAME = "Riccardo Rizzo";
				TargetAttributes = {
					93FC5BDE1B3C4CB00010A94D = {
						CreatedOnToolsVersion = 6.3.2;
						DevelopmentTeam = RKD82WWETR;
						SystemCapabilities = {
							com.apple.BackgroundModes = {
								enabled = 1;
							};
							com.apple.Push = {
								enabled = 1;
							};
						};
					};
					93FC5BF31B3C4CB00010A94D = {
						CreatedOnToolsVersion = 6.3.2;
						DevelopmentTeam = RKD82WWETR;
						TestTargetID = 93FC5BDE1B3C4CB00010A94D;
					};
				};
			};
			buildConfigurationList = 93FC5BDA1B3C4CB00010A94D /* Build configuration list for PBXProject "RatingMe" */;
			compatibilityVersion = "Xcode 3.2";
			developmentRegion = English;
			hasScannedForEncodings = 0;
			knownRegions = (
				en,
				Base,
			);
			mainGroup = 93FC5BD61B3C4CB00010A94D;
			productRefGroup = 93FC5BE01B3C4CB00010A94D /* Products */;
			projectDirPath = "";
			projectRoot = "";
			targets = (
				93FC5BDE1B3C4CB00010A94D /* RatingMe */,
				93FC5BF31B3C4CB00010A94D /* RatingMeTests */,
			);
		};
/* End PBXProject section */

/* Begin PBXResourcesBuildPhase section */
		93FC5BDD1B3C4CB00010A94D /* Resources */ = {
			isa = PBXResourcesBuildPhase;
			buildActionMask = 2147483647;
			files = (
				9368A8FC1C3ABD9C0016481E /* Splash.tiff in Resources */,
				9368A8FA1C3ABA1F0016481E /* Lobster 1.4.otf in Resources */,
				93FC5BEA1B3C4CB00010A94D /* Main.storyboard in Resources */,
				93FC5BEF1B3C4CB00010A94D /* LaunchScreen.xib in Resources */,
				93FC5BEC1B3C4CB00010A94D /* Images.xcassets in Resources */,
			);
			runOnlyForDeploymentPostprocessing = 0;
		};
		93FC5BF21B3C4CB00010A94D /* Resources */ = {
			isa = PBXResourcesBuildPhase;
			buildActionMask = 2147483647;
			files = (
			);
			runOnlyForDeploymentPostprocessing = 0;
		};
/* End PBXResourcesBuildPhase section */

/* Begin PBXShellScriptBuildPhase section */
		6DFB43860D36A1196287D077 /* [CP] Copy Pods Resources */ = {
			isa = PBXShellScriptBuildPhase;
			buildActionMask = 2147483647;
			files = (
			);
			inputPaths = (
			);
			name = "[CP] Copy Pods Resources";
			outputPaths = (
			);
			runOnlyForDeploymentPostprocessing = 0;
			shellPath = /bin/sh;
			shellScript = "\"${SRCROOT}/Pods/Target Support Files/Pods-RatingMe/Pods-RatingMe-resources.sh\"\n";
			showEnvVarsInLog = 0;
		};
		93262476915249F55D810929 /* [CP] Check Pods Manifest.lock */ = {
			isa = PBXShellScriptBuildPhase;
			buildActionMask = 2147483647;
			files = (
			);
			inputPaths = (
			);
			name = "[CP] Check Pods Manifest.lock";
			outputPaths = (
			);
			runOnlyForDeploymentPostprocessing = 0;
			shellPath = /bin/sh;
			shellScript = "diff \"${PODS_ROOT}/../Podfile.lock\" \"${PODS_ROOT}/Manifest.lock\" > /dev/null\nif [ $? != 0 ] ; then\n    # print error to STDERR\n    echo \"error: The sandbox is not in sync with the Podfile.lock. Run 'pod install' or update your CocoaPods installation.\" >&2\n    exit 1\nfi\n";
			showEnvVarsInLog = 0;
		};
		BFB6FAB8DCC91294759E5A8E /* [CP] Embed Pods Frameworks */ = {
			isa = PBXShellScriptBuildPhase;
			buildActionMask = 2147483647;
			files = (
			);
			inputPaths = (
			);
			name = "[CP] Embed Pods Frameworks";
			outputPaths = (
			);
			runOnlyForDeploymentPostprocessing = 0;
			shellPath = /bin/sh;
			shellScript = "\"${SRCROOT}/Pods/Target Support Files/Pods-RatingMeTests/Pods-RatingMeTests-frameworks.sh\"\n";
			showEnvVarsInLog = 0;
		};
		CF772C8215E84DD60496C892 /* [CP] Check Pods Manifest.lock */ = {
			isa = PBXShellScriptBuildPhase;
			buildActionMask = 2147483647;
			files = (
			);
			inputPaths = (
			);
			name = "[CP] Check Pods Manifest.lock";
			outputPaths = (
			);
			runOnlyForDeploymentPostprocessing = 0;
			shellPath = /bin/sh;
			shellScript = "diff \"${PODS_ROOT}/../Podfile.lock\" \"${PODS_ROOT}/Manifest.lock\" > /dev/null\nif [ $? != 0 ] ; then\n    # print error to STDERR\n    echo \"error: The sandbox is not in sync with the Podfile.lock. Run 'pod install' or update your CocoaPods installation.\" >&2\n    exit 1\nfi\n";
			showEnvVarsInLog = 0;
		};
		D3EA15A93DE532A7D9904B76 /* [CP] Embed Pods Frameworks */ = {
			isa = PBXShellScriptBuildPhase;
			buildActionMask = 2147483647;
			files = (
			);
			inputPaths = (
			);
			name = "[CP] Embed Pods Frameworks";
			outputPaths = (
			);
			runOnlyForDeploymentPostprocessing = 0;
			shellPath = /bin/sh;
			shellScript = "\"${SRCROOT}/Pods/Target Support Files/Pods-RatingMe/Pods-RatingMe-frameworks.sh\"\n";
			showEnvVarsInLog = 0;
		};
		FD6CCF5FB4F3A7F2F7E6B201 /* [CP] Copy Pods Resources */ = {
			isa = PBXShellScriptBuildPhase;
			buildActionMask = 2147483647;
			files = (
			);
			inputPaths = (
			);
			name = "[CP] Copy Pods Resources";
			outputPaths = (
			);
			runOnlyForDeploymentPostprocessing = 0;
			shellPath = /bin/sh;
			shellScript = "\"${SRCROOT}/Pods/Target Support Files/Pods-RatingMeTests/Pods-RatingMeTests-resources.sh\"\n";
			showEnvVarsInLog = 0;
		};
/* End PBXShellScriptBuildPhase section */

/* Begin PBXSourcesBuildPhase section */
		93FC5BDB1B3C4CB00010A94D /* Sources */ = {
			isa = PBXSourcesBuildPhase;
			buildActionMask = 2147483647;
			files = (
				93E06C351B85DD8300DAEA51 /* LoginViewController.swift in Sources */,
				934BE18E1BF4B2B5007225D8 /* CustomImageView.swift in Sources */,
				939A6C021C75E2CD0096B48B /* SingleMessageViewController.swift in Sources */,
				934BE18C1BF4B0F0007225D8 /* CircularLoaderView.swift in Sources */,
				93FC5C091B3C4CD70010A94D /* PinAnnotationView.swift in Sources */,
				93790BE91C819ECB004989C7 /* CategoriesController.swift in Sources */,
				9371D1901C6DDDC6007C5396 /* RemoteNotificationController.swift in Sources */,
				935D55B31C47E15200ADC2F9 /* EULAViewController.swift in Sources */,
				9395C8A91C85A07800BFA851 /* NewMessageController.swift in Sources */,
				934157A01C7DAD72001DAD6C /* MailCanvasStyleKit.swift in Sources */,
				937B92871C5FB0440014530E /* ReviewsController.swift in Sources */,
				936AE70B1C709E7800039BAD /* Message.swift in Sources */,
				937B92831C5FAFBE0014530E /* Review.swift in Sources */,
				937B92851C5FAFC90014530E /* Rating.swift in Sources */,
				93FC5C081B3C4CD70010A94D /* PinAnnotation.swift in Sources */,
				936AE70D1C709FA900039BAD /* ReadMessageController.swift in Sources */,
				936AE70F1C70A52200039BAD /* MessagesViewController.swift in Sources */,
				937FCCC21B4577CF00DC141C /* StarRating.swift in Sources */,
				93D95BEB1B442B73002D5C53 /* NewReviewViewController.swift in Sources */,
				93B1C6BB1B628F7D002044A3 /* RateCustomCell.swift in Sources */,
				938EC0FC1BDA778700177356 /* User.swift in Sources */,
				934148101B84CD0B00F768BD /* ShowReviewViewController.swift in Sources */,
				934157A21C7DAE07001DAD6C /* NewMailView.swift in Sources */,
				93FC5C051B3C4CC80010A94D /* JSonHelper.swift in Sources */,
				93FC5BE71B3C4CB00010A94D /* MainViewController.swift in Sources */,
				933A63471C5FB4BB0099C501 /* RatingsController.swift in Sources */,
				936AE7111C70A57700039BAD /* MessageTableViewCell.swift in Sources */,
				9370F25C1BEDFA2B003470DC /* LoginWithUIDViewViewController.swift in Sources */,
				9395C8A71C859D7500BFA851 /* NewMessageViewController.swift in Sources */,
				93FC5BE51B3C4CB00010A94D /* AppDelegate.swift in Sources */,
				93012E7A1C7B1D0700063D65 /* LeftMenuButton.swift in Sources */,
				937857301BF0AC04003BE6A7 /* SignInViewController.swift in Sources */,
				93F5F8F91BC2B01700582D58 /* LeftMenuViewController.swift in Sources */,
				93E06C331B85C7BD00DAEA51 /* UserController.swift in Sources */,
				93AB02161B45305900358705 /* NewRateViewController.swift in Sources */,
				93790BE71C819DEB004989C7 /* Category.swift in Sources */,
			);
			runOnlyForDeploymentPostprocessing = 0;
		};
		93FC5BF01B3C4CB00010A94D /* Sources */ = {
			isa = PBXSourcesBuildPhase;
			buildActionMask = 2147483647;
			files = (
				93FC5BFB1B3C4CB00010A94D /* RatingMeTests.swift in Sources */,
			);
			runOnlyForDeploymentPostprocessing = 0;
		};
/* End PBXSourcesBuildPhase section */

/* Begin PBXTargetDependency section */
		93FC5BF61B3C4CB00010A94D /* PBXTargetDependency */ = {
			isa = PBXTargetDependency;
			target = 93FC5BDE1B3C4CB00010A94D /* RatingMe */;
			targetProxy = 93FC5BF51B3C4CB00010A94D /* PBXContainerItemProxy */;
		};
/* End PBXTargetDependency section */

/* Begin PBXVariantGroup section */
		93FC5BE81B3C4CB00010A94D /* Main.storyboard */ = {
			isa = PBXVariantGroup;
			children = (
				93FC5BE91B3C4CB00010A94D /* Base */,
			);
			name = Main.storyboard;
			sourceTree = "<group>";
		};
		93FC5BED1B3C4CB00010A94D /* LaunchScreen.xib */ = {
			isa = PBXVariantGroup;
			children = (
				93FC5BEE1B3C4CB00010A94D /* Base */,
			);
			name = LaunchScreen.xib;
			sourceTree = "<group>";
		};
/* End PBXVariantGroup section */

/* Begin XCBuildConfiguration section */
		93FC5BFC1B3C4CB00010A94D /* Debug */ = {
			isa = XCBuildConfiguration;
			buildSettings = {
				ALWAYS_SEARCH_USER_PATHS = NO;
				CLANG_CXX_LANGUAGE_STANDARD = "gnu++0x";
				CLANG_CXX_LIBRARY = "libc++";
				CLANG_ENABLE_MODULES = YES;
				CLANG_ENABLE_OBJC_ARC = YES;
				CLANG_WARN_BOOL_CONVERSION = YES;
				CLANG_WARN_CONSTANT_CONVERSION = YES;
				CLANG_WARN_DIRECT_OBJC_ISA_USAGE = YES_ERROR;
				CLANG_WARN_EMPTY_BODY = YES;
				CLANG_WARN_ENUM_CONVERSION = YES;
				CLANG_WARN_INT_CONVERSION = YES;
				CLANG_WARN_OBJC_ROOT_CLASS = YES_ERROR;
				CLANG_WARN_UNREACHABLE_CODE = YES;
				CLANG_WARN__DUPLICATE_METHOD_MATCH = YES;
				CODE_SIGN_IDENTITY = "iPhone Developer: Riccardo Rizzo (QS65UW4GPG)";
				"CODE_SIGN_IDENTITY[sdk=iphoneos*]" = "iPhone Developer: Riccardo Rizzo (QS65UW4GPG)";
				COPY_PHASE_STRIP = NO;
				DEBUG_INFORMATION_FORMAT = "dwarf-with-dsym";
				ENABLE_STRICT_OBJC_MSGSEND = YES;
				ENABLE_TESTABILITY = YES;
				GCC_C_LANGUAGE_STANDARD = gnu99;
				GCC_DYNAMIC_NO_PIC = NO;
				GCC_NO_COMMON_BLOCKS = YES;
				GCC_OPTIMIZATION_LEVEL = 0;
				GCC_PREPROCESSOR_DEFINITIONS = (
					"DEBUG=1",
					"$(inherited)",
				);
				GCC_SYMBOLS_PRIVATE_EXTERN = NO;
				GCC_WARN_64_TO_32_BIT_CONVERSION = YES;
				GCC_WARN_ABOUT_RETURN_TYPE = YES_ERROR;
				GCC_WARN_UNDECLARED_SELECTOR = YES;
				GCC_WARN_UNINITIALIZED_AUTOS = YES_AGGRESSIVE;
				GCC_WARN_UNUSED_FUNCTION = YES;
				GCC_WARN_UNUSED_VARIABLE = YES;
				IPHONEOS_DEPLOYMENT_TARGET = 8.3;
				MTL_ENABLE_DEBUG_INFO = YES;
				ONLY_ACTIVE_ARCH = YES;
				PROVISIONING_PROFILE = "179947c1-3ab6-4cb8-83e0-7c523c97e4b1";
				SDKROOT = iphoneos;
				SWIFT_OPTIMIZATION_LEVEL = "-Onone";
				TARGETED_DEVICE_FAMILY = "1,2";
			};
			name = Debug;
		};
		93FC5BFD1B3C4CB00010A94D /* Release */ = {
			isa = XCBuildConfiguration;
			buildSettings = {
				ALWAYS_SEARCH_USER_PATHS = NO;
				CLANG_CXX_LANGUAGE_STANDARD = "gnu++0x";
				CLANG_CXX_LIBRARY = "libc++";
				CLANG_ENABLE_MODULES = YES;
				CLANG_ENABLE_OBJC_ARC = YES;
				CLANG_WARN_BOOL_CONVERSION = YES;
				CLANG_WARN_CONSTANT_CONVERSION = YES;
				CLANG_WARN_DIRECT_OBJC_ISA_USAGE = YES_ERROR;
				CLANG_WARN_EMPTY_BODY = YES;
				CLANG_WARN_ENUM_CONVERSION = YES;
				CLANG_WARN_INT_CONVERSION = YES;
				CLANG_WARN_OBJC_ROOT_CLASS = YES_ERROR;
				CLANG_WARN_UNREACHABLE_CODE = YES;
				CLANG_WARN__DUPLICATE_METHOD_MATCH = YES;
				CODE_SIGN_IDENTITY = "iPhone Developer: Riccardo Rizzo (QS65UW4GPG)";
				"CODE_SIGN_IDENTITY[sdk=iphoneos*]" = "iPhone Distribution: Riccardo Rizzo (RKD82WWETR)";
				COPY_PHASE_STRIP = NO;
				DEBUG_INFORMATION_FORMAT = "dwarf-with-dsym";
				ENABLE_NS_ASSERTIONS = NO;
				ENABLE_STRICT_OBJC_MSGSEND = YES;
				GCC_C_LANGUAGE_STANDARD = gnu99;
				GCC_NO_COMMON_BLOCKS = YES;
				GCC_WARN_64_TO_32_BIT_CONVERSION = YES;
				GCC_WARN_ABOUT_RETURN_TYPE = YES_ERROR;
				GCC_WARN_UNDECLARED_SELECTOR = YES;
				GCC_WARN_UNINITIALIZED_AUTOS = YES_AGGRESSIVE;
				GCC_WARN_UNUSED_FUNCTION = YES;
				GCC_WARN_UNUSED_VARIABLE = YES;
				IPHONEOS_DEPLOYMENT_TARGET = 8.3;
				MTL_ENABLE_DEBUG_INFO = NO;
				PROVISIONING_PROFILE = "179947c1-3ab6-4cb8-83e0-7c523c97e4b1";
				SDKROOT = iphoneos;
				TARGETED_DEVICE_FAMILY = "1,2";
				VALIDATE_PRODUCT = YES;
			};
			name = Release;
		};
		93FC5BFF1B3C4CB00010A94D /* Debug */ = {
			isa = XCBuildConfiguration;
			baseConfigurationReference = 2725707920D8DA8ECBF79F07 /* Pods-RatingMe.debug.xcconfig */;
			buildSettings = {
				ASSETCATALOG_COMPILER_APPICON_NAME = AppIcon;
				CODE_SIGN_IDENTITY = "iPhone Developer";
				"CODE_SIGN_IDENTITY[sdk=iphoneos*]" = "iPhone Developer";
				INFOPLIST_FILE = RatingMe/Info.plist;
				IPHONEOS_DEPLOYMENT_TARGET = 8.4;
				LD_RUNPATH_SEARCH_PATHS = "$(inherited) @executable_path/Frameworks";
				PRODUCT_BUNDLE_IDENTIFIER = "riccardorizzo.$(PRODUCT_NAME:rfc1034identifier)";
				PRODUCT_NAME = "$(TARGET_NAME)";
				PROVISIONING_PROFILE = "";
				TARGETED_DEVICE_FAMILY = 1;
			};
			name = Debug;
		};
		93FC5C001B3C4CB00010A94D /* Release */ = {
			isa = XCBuildConfiguration;
			baseConfigurationReference = D3CFB3FFD7840171B1E7127C /* Pods-RatingMe.release.xcconfig */;
			buildSettings = {
				ASSETCATALOG_COMPILER_APPICON_NAME = AppIcon;
				CODE_SIGN_IDENTITY = "iPhone Developer";
				"CODE_SIGN_IDENTITY[sdk=iphoneos*]" = "iPhone Developer";
				INFOPLIST_FILE = RatingMe/Info.plist;
				IPHONEOS_DEPLOYMENT_TARGET = 8.4;
				LD_RUNPATH_SEARCH_PATHS = "$(inherited) @executable_path/Frameworks";
				PRODUCT_BUNDLE_IDENTIFIER = "riccardorizzo.$(PRODUCT_NAME:rfc1034identifier)";
				PRODUCT_NAME = "$(TARGET_NAME)";
				PROVISIONING_PROFILE = "";
				TARGETED_DEVICE_FAMILY = 1;
			};
			name = Release;
		};
		93FC5C021B3C4CB00010A94D /* Debug */ = {
			isa = XCBuildConfiguration;
			baseConfigurationReference = 8664774FB69ED5CA2AD75655 /* Pods-RatingMeTests.debug.xcconfig */;
			buildSettings = {
				BUNDLE_LOADER = "$(TEST_HOST)";
				CODE_SIGN_IDENTITY = "iPhone Developer";
				"CODE_SIGN_IDENTITY[sdk=iphoneos*]" = "iPhone Developer";
				FRAMEWORK_SEARCH_PATHS = (
					"$(SDKROOT)/Developer/Library/Frameworks",
					"$(inherited)",
				);
				GCC_PREPROCESSOR_DEFINITIONS = (
					"DEBUG=1",
					"$(inherited)",
				);
				INFOPLIST_FILE = RatingMeTests/Info.plist;
				LD_RUNPATH_SEARCH_PATHS = "$(inherited) @executable_path/Frameworks @loader_path/Frameworks";
				PRODUCT_BUNDLE_IDENTIFIER = "riccardorizzo.$(PRODUCT_NAME:rfc1034identifier)";
				PRODUCT_NAME = "$(TARGET_NAME)";
				PROVISIONING_PROFILE = "";
				TEST_HOST = "$(BUILT_PRODUCTS_DIR)/RatingMe.app/RatingMe";
			};
			name = Debug;
		};
		93FC5C031B3C4CB00010A94D /* Release */ = {
			isa = XCBuildConfiguration;
			baseConfigurationReference = 7004F4A7E9A3DD091C7EB313 /* Pods-RatingMeTests.release.xcconfig */;
			buildSettings = {
				BUNDLE_LOADER = "$(TEST_HOST)";
				CODE_SIGN_IDENTITY = "iPhone Developer";
				"CODE_SIGN_IDENTITY[sdk=iphoneos*]" = "iPhone Developer";
				FRAMEWORK_SEARCH_PATHS = (
					"$(SDKROOT)/Developer/Library/Frameworks",
					"$(inherited)",
				);
				INFOPLIST_FILE = RatingMeTests/Info.plist;
				LD_RUNPATH_SEARCH_PATHS = "$(inherited) @executable_path/Frameworks @loader_path/Frameworks";
				PRODUCT_BUNDLE_IDENTIFIER = "riccardorizzo.$(PRODUCT_NAME:rfc1034identifier)";
				PRODUCT_NAME = "$(TARGET_NAME)";
				PROVISIONING_PROFILE = "";
				TEST_HOST = "$(BUILT_PRODUCTS_DIR)/RatingMe.app/RatingMe";
			};
			name = Release;
		};
/* End XCBuildConfiguration section */

/* Begin XCConfigurationList section */
		93FC5BDA1B3C4CB00010A94D /* Build configuration list for PBXProject "RatingMe" */ = {
			isa = XCConfigurationList;
			buildConfigurations = (
				93FC5BFC1B3C4CB00010A94D /* Debug */,
				93FC5BFD1B3C4CB00010A94D /* Release */,
			);
			defaultConfigurationIsVisible = 0;
			defaultConfigurationName = Release;
		};
		93FC5BFE1B3C4CB00010A94D /* Build configuration list for PBXNativeTarget "RatingMe" */ = {
			isa = XCConfigurationList;
			buildConfigurations = (
				93FC5BFF1B3C4CB00010A94D /* Debug */,
				93FC5C001B3C4CB00010A94D /* Release */,
			);
			defaultConfigurationIsVisible = 0;
			defaultConfigurationName = Release;
		};
		93FC5C011B3C4CB00010A94D /* Build configuration list for PBXNativeTarget "RatingMeTests" */ = {
			isa = XCConfigurationList;
			buildConfigurations = (
				93FC5C021B3C4CB00010A94D /* Debug */,
				93FC5C031B3C4CB00010A94D /* Release */,
			);
			defaultConfigurationIsVisible = 0;
			defaultConfigurationName = Release;
		};
/* End XCConfigurationList section */
	};
	rootObject = 93FC5BD71B3C4CB00010A94D /* Project object */;
}
